
Microsoft Visual Studio Solution File, Format Version 12.00
# Visual Studio Version 17
VisualStudioVersion = 17.7.34031.279
MinimumVisualStudioVersion = 10.0.40219.1
Project("{FAE04EC0-301F-11D3-BF4B-00C04F79EFBC}") = "RSZI_2", "RSZI_2\RSZI_2.csproj", "{C1CF17AD-684E-4836-8E6F-15CB89CF9DA9}"
EndProject
Project("{FAE04EC0-301F-11D3-BF4B-00C04F79EFBC}") = "ClientUDP", "ClientUDP\ClientUDP.csproj", "{3C6DE3C5-30E5-450C-9179-585A194CC3C1}"
EndProject
Global
	GlobalSection(SolutionConfigurationPlatforms) = preSolution
		Debug|Any CPU = Debug|Any CPU
		Release|Any CPU = Release|Any CPU
	EndGlobalSection
	GlobalSection(ProjectConfigurationPlatforms) = postSolution
		{C1CF17AD-684E-4836-8E6F-15CB89CF9DA9}.Debug|Any CPU.ActiveCfg = Debug|Any CPU
		{C1CF17AD-684E-4836-8E6F-15CB89CF9DA9}.Debug|Any CPU.Build.0 = Debug|Any CPU
		{C1CF17AD-684E-4836-8E6F-15CB89CF9DA9}.Release|Any CPU.ActiveCfg = Release|Any CPU
		{C1CF17AD-684E-4836-8E6F-15CB89CF9DA9}.Release|Any CPU.Build.0 = Release|Any CPU
		{3C6DE3C5-30E5-450C-9179-585A194CC3C1}.Debug|Any CPU.ActiveCfg = Debug|Any CPU
		{3C6DE3C5-30E5-450C-9179-585A194CC3C1}.Debug|Any CPU.Build.0 = Debug|Any CPU
		{3C6DE3C5-30E5-450C-9179-585A194CC3C1}.Release|Any CPU.ActiveCfg = Release|Any CPU
		{3C6DE3C5-30E5-450C-9179-585A194CC3C1}.Release|Any CPU.Build.0 = Release|Any CPU
	EndGlobalSection
	GlobalSection(SolutionProperties) = preSolution
		HideSolutionNode = FALSE
	EndGlobalSection
	GlobalSection(ExtensibilityGlobals) = postSolution
		SolutionGuid = {B3E27A45-62DE-40A0-9DB2-E1DFAF795103}
	EndGlobalSection
EndGlobal
